
Microsoft Visual Studio Solution File, Format Version 12.00
# Visual Studio Version 17
VisualStudioVersion = 17.7.34024.191
MinimumVisualStudioVersion = 10.0.40219.1
Project("{FAE04EC0-301F-11D3-BF4B-00C04F79EFBC}") = "Online-Card-Game", "Online-Card-Game\Online-Card-Game.csproj", "{43A6D831-AF4A-4E26-9B0C-A209B417004A}"
EndProject
Global
	GlobalSection(SolutionConfigurationPlatforms) = preSolution
		Debug|Any CPU = Debug|Any CPU
		Release|Any CPU = Release|Any CPU
	EndGlobalSection
	GlobalSection(ProjectConfigurationPlatforms) = postSolution
		{43A6D831-AF4A-4E26-9B0C-A209B417004A}.Debug|Any CPU.ActiveCfg = Debug|Any CPU
		{43A6D831-AF4A-4E26-9B0C-A209B417004A}.Debug|Any CPU.Build.0 = Debug|Any CPU
		{43A6D831-AF4A-4E26-9B0C-A209B417004A}.Release|Any CPU.ActiveCfg = Release|Any CPU
		{43A6D831-AF4A-4E26-9B0C-A209B417004A}.Release|Any CPU.Build.0 = Release|Any CPU
	EndGlobalSection
	GlobalSection(SolutionProperties) = preSolution
		HideSolutionNode = FALSE
	EndGlobalSection
	GlobalSection(ExtensibilityGlobals) = postSolution
		SolutionGuid = {67F68C93-5DF9-44E2-A501-4D7A3E2C33FF}
	EndGlobalSection
EndGlobal
